# THIS IS AN AUTOGENERATED FILE. DO NOT EDIT THIS FILE DIRECTLY.
# yarn lockfile v1


esm@^3.2.14:
  version "3.2.14"
  resolved "https://registry.yarnpkg.com/esm/-/esm-3.2.14.tgz#567f65e9433bb0873eb92ed5e92e876c3ec2a212"
  integrity sha512-uQq8DK0HB0n2Ze9gshhxGQa60caKmwNH7tKxALAT6wxYGfQCdEMXA3MV3z1rh8TSmQIVFYbltm9Xe1ghusnCqw==
